
Microsoft Visual Studio Solution File, Format Version 12.00
# Visual Studio 15
VisualStudioVersion = 15.0.27004.2009
MinimumVisualStudioVersion = 10.0.40219.1
Project("{FAE04EC0-301F-11D3-BF4B-00C04F79EFBC}") = "FormCapture", "FormCapture\FormCapture.csproj", "{CB02289A-B0D2-4AF6-9274-BFE82A653D8D}"
EndProject
Global
	GlobalSection(SolutionConfigurationPlatforms) = preSolution
		Debug|ARM = Debug|ARM
		Debug|x64 = Debug|x64
		Debug|x86 = Debug|x86
		Release|ARM = Release|ARM
		Release|x64 = Release|x64
		Release|x86 = Release|x86
	EndGlobalSection
	GlobalSection(ProjectConfigurationPlatforms) = postSolution
		{CB02289A-B0D2-4AF6-9274-BFE82A653D8D}.Debug|ARM.ActiveCfg = Debug|ARM
		{CB02289A-B0D2-4AF6-9274-BFE82A653D8D}.Debug|ARM.Build.0 = Debug|ARM
		{CB02289A-B0D2-4AF6-9274-BFE82A653D8D}.Debug|ARM.Deploy.0 = Debug|ARM
		{CB02289A-B0D2-4AF6-9274-BFE82A653D8D}.Debug|x64.ActiveCfg = Debug|x64
		{CB02289A-B0D2-4AF6-9274-BFE82A653D8D}.Debug|x64.Build.0 = Debug|x64
		{CB02289A-B0D2-4AF6-9274-BFE82A653D8D}.Debug|x64.Deploy.0 = Debug|x64
		{CB02289A-B0D2-4AF6-9274-BFE82A653D8D}.Debug|x86.ActiveCfg = Debug|x86
		{CB02289A-B0D2-4AF6-9274-BFE82A653D8D}.Debug|x86.Build.0 = Debug|x86
		{CB02289A-B0D2-4AF6-9274-BFE82A653D8D}.Debug|x86.Deploy.0 = Debug|x86
		{CB02289A-B0D2-4AF6-9274-BFE82A653D8D}.Release|ARM.ActiveCfg = Release|ARM
		{CB02289A-B0D2-4AF6-9274-BFE82A653D8D}.Release|ARM.Build.0 = Release|ARM
		{CB02289A-B0D2-4AF6-9274-BFE82A653D8D}.Release|ARM.Deploy.0 = Release|ARM
		{CB02289A-B0D2-4AF6-9274-BFE82A653D8D}.Release|x64.ActiveCfg = Release|x64
		{CB02289A-B0D2-4AF6-9274-BFE82A653D8D}.Release|x64.Build.0 = Release|x64
		{CB02289A-B0D2-4AF6-9274-BFE82A653D8D}.Release|x64.Deploy.0 = Release|x64
		{CB02289A-B0D2-4AF6-9274-BFE82A653D8D}.Release|x86.ActiveCfg = Release|x86
		{CB02289A-B0D2-4AF6-9274-BFE82A653D8D}.Release|x86.Build.0 = Release|x86
		{CB02289A-B0D2-4AF6-9274-BFE82A653D8D}.Release|x86.Deploy.0 = Release|x86
	EndGlobalSection
	GlobalSection(SolutionProperties) = preSolution
		HideSolutionNode = FALSE
	EndGlobalSection
	GlobalSection(ExtensibilityGlobals) = postSolution
		SolutionGuid = {3B15E089-3373-474A-8194-C1AFB5054B6B}
	EndGlobalSection
EndGlobal
